{
  "name": "betterMatch",
  "version": "1.0.12",
  "lockfileVersion": 1,
  "requires": true,
  "dependencies": {
    "convertPinyin": {
      "version": "1.1.0",
      "resolved": "http://10.5.36.228:32180/repository/npmtest1/convertPinyin/-/convertPinyin-1.1.0.tgz",
      "integrity": "sha1-Dc0fHi5FqU18ZCZeHd03DUpBsLE=",
      "requires": {
        "lodash": "^4.17.10"
      }
    },
    "lodash": {
      "version": "4.17.15",
      "resolved": "http://10.5.36.228:32180/repository/npmtest1/lodash/-/lodash-4.17.15.tgz",
      "integrity": "sha1-tEf2ZwoEVbv+7dETku/zMOoJdUg="
    }
  }
}
