{
  "name": "@tosone/bettermatch",
  "version": "2.0.0",
  "lockfileVersion": 2,
  "requires": true,
  "packages": {
    "": {
      "name": "@tosone/bettermatch",
      "version": "2.0.0",
      "license": "MIT",
      "dependencies": {
        "@tosone/pinyin": "^2.0.0",
        "lodash": "^4.17.21"
      }
    },
    "node_modules/@tosone/pinyin": {
      "version": "2.0.0",
      "resolved": "https://npm.pkg.github.com/download/@tosone/pinyin/2.0.0/9abbd22760790c07ce772686a87595b0d7ae3e23888ec367b3674136877b9dcc",
      "integrity": "sha512-tcB/YNu3yBM4tw1+Lo4sFQbNAENY2oHNSCzdweHDbwH5JS3/8tdLLMQe0uokQ0quMXml6zpW6L0aaseSNj1Wtw==",
      "license": "MIT",
      "dependencies": {
        "lodash": "^4.17.21"
      }
    },
    "node_modules/lodash": {
      "version": "4.17.21",
      "license": "MIT"
    }
  },
  "dependencies": {
    "@tosone/pinyin": {
      "version": "2.0.0",
      "resolved": "https://npm.pkg.github.com/download/@tosone/pinyin/2.0.0/9abbd22760790c07ce772686a87595b0d7ae3e23888ec367b3674136877b9dcc",
      "integrity": "sha512-tcB/YNu3yBM4tw1+Lo4sFQbNAENY2oHNSCzdweHDbwH5JS3/8tdLLMQe0uokQ0quMXml6zpW6L0aaseSNj1Wtw==",
      "requires": {
        "lodash": "^4.17.21"
      }
    },
    "lodash": {
      "version": "4.17.21"
    }
  }
}
