# THIS IS AN AUTOGENERATED FILE. DO NOT EDIT THIS FILE DIRECTLY.
# yarn lockfile v1
convertPinyin@^1.0.0:
  version "1.0.1"
  resolved "https://registry.yarnpkg.com/convertPinyin/-/convertPinyin-1.0.1.tgz#7588af446cf4cca1042f2590a881b9c95a6be065"
  dependencies:
    lodash "^4.16.4"

lodash@^4.16.4:
  version "4.16.4"
  resolved "https://registry.yarnpkg.com/lodash/-/lodash-4.16.4.tgz#01ce306b9bad1319f2a5528674f88297aeb70127"

